
Microsoft Visual Studio Solution File, Format Version 12.00
# Visual Studio Version 17
VisualStudioVersion = 17.9.34616.47
MinimumVisualStudioVersion = 10.0.40219.1
Project("{FAE04EC0-301F-11D3-BF4B-00C04F79EFBC}") = "QLTV", "QLTV\QLTV.csproj", "{21758C2F-69E8-4FBC-9DF9-98BBB3A7FDFE}"
EndProject
Global
	GlobalSection(SolutionConfigurationPlatforms) = preSolution
		Debug|Any CPU = Debug|Any CPU
		Release|Any CPU = Release|Any CPU
	EndGlobalSection
	GlobalSection(ProjectConfigurationPlatforms) = postSolution
		{21758C2F-69E8-4FBC-9DF9-98BBB3A7FDFE}.Debug|Any CPU.ActiveCfg = Debug|Any CPU
		{21758C2F-69E8-4FBC-9DF9-98BBB3A7FDFE}.Debug|Any CPU.Build.0 = Debug|Any CPU
		{21758C2F-69E8-4FBC-9DF9-98BBB3A7FDFE}.Release|Any CPU.ActiveCfg = Release|Any CPU
		{21758C2F-69E8-4FBC-9DF9-98BBB3A7FDFE}.Release|Any CPU.Build.0 = Release|Any CPU
	EndGlobalSection
	GlobalSection(SolutionProperties) = preSolution
		HideSolutionNode = FALSE
	EndGlobalSection
	GlobalSection(ExtensibilityGlobals) = postSolution
		SolutionGuid = {B32E53FF-FD40-419D-9F24-7DA50C14A85A}
	EndGlobalSection
EndGlobal
